{
  "lockfileVersion": 1,
  "workspaces": {
    "": {
      "name": "opaline-cli-monorepo",
      "devDependencies": {
        "@biomejs/biome": "^2.4.0",
        "bun-types": "1.3.10",
        "turbo": "^2.8.9",
        "typescript": "5.9.2",
      },
    },
    "apps/cli": {
      "name": "@opalinehq/cli",
      "version": "0.5.3",
      "bin": {
        "opaline": "./dist/cli.js",
      },
      "dependencies": {
        "@clack/prompts": "^1.0.1",
        "@logtape/file": "^2.0.4",
        "@logtape/logtape": "^2.0.4",
        "@orpc/client": "^1.13.5",
        "@orpc/contract": "^1.13.5",
        "@stricli/core": "^1.2.5",
        "p-map": "^7.0.4",
        "posthog-node": "5.46.1",
        "smol-toml": "^1.6.0",
        "zod": "^3.24.0",
      },
      "devDependencies": {
        "@types/node": "^22",
        "bun-types": "latest",
        "typescript": "5.9.2",
      },
    },
    "packages/rudel-alias": {
      "name": "rudel",
      "version": "0.5.1",
      "bin": {
        "rudel": "./bin/rudel.js",
      },
      "dependencies": {
        "@opalinehq/cli": "0.5.3",
      },
    },
  },
  "packages": {
    "@biomejs/biome": ["@biomejs/biome@2.5.8", "", { "optionalDependencies": { "@biomejs/cli-darwin-arm64": "2.5.8", "@biomejs/cli-darwin-x64": "2.5.8", "@biomejs/cli-linux-arm64": "2.5.8", "@biomejs/cli-linux-arm64-musl": "2.5.8", "@biomejs/cli-linux-x64": "2.5.8", "@biomejs/cli-linux-x64-musl": "2.5.8", "@biomejs/cli-win32-arm64": "2.5.8", "@biomejs/cli-win32-x64": "2.5.8" }, "bin": { "biome": "bin/biome" } }, "sha512-aeAeeJB9fSDc7Gq+2GqpQxA0qBj6gj1k2R6L1cYqGePKP/baIq1WX8y6B+D+nRsO5ViQL22K/8IwbqERW0q1nw=="],

    "@biomejs/cli-darwin-arm64": ["@biomejs/cli-darwin-arm64@2.5.8", "", { "os": "darwin", "cpu": "arm64" }, "sha512-mk1QON9PHllvvLN5gU3f4rMxeh4syK5p9OvKyWH6/W8ueh04uaC8TUXXByhGufWf/y5mQc03ZLM45zU+cmqMjA=="],

    "@biomejs/cli-darwin-x64": ["@biomejs/cli-darwin-x64@2.5.8", "", { "os": "darwin", "cpu": "x64" }, "sha512-bsGwFMBNyHPyiLSsQcZJxdoRrg1V4JL+d7wEsvUBczlP9U9lwM+7mzQHxI4o1mhBsTmdOBbAb6fHU3Z3snN45w=="],

    "@biomejs/cli-linux-arm64": ["@biomejs/cli-linux-arm64@2.5.8", "", { "os": "linux", "cpu": "arm64" }, "sha512-XmFiA0WPYFC+uiUDC8WRFzAIH9bo7vwQLav38Uoq4ETC+T/+uBi0TsYGJECkugY3r8USl3jc+Ae2/irAF6F2lQ=="],

    "@biomejs/cli-linux-arm64-musl": ["@biomejs/cli-linux-arm64-musl@2.5.8", "", { "os": "linux", "cpu": "arm64" }, "sha512-VcJNbstduTHx83NGAdhp78/JOcP45BZHXL7yNsfI1uGzdUgegAz2s+mSoT7wK6PBNzLoqG0zDOXaz/RQYVtSiw=="],

    "@biomejs/cli-linux-x64": ["@biomejs/cli-linux-x64@2.5.8", "", { "os": "linux", "cpu": "x64" }, "sha512-S5wcm9OBDvLHodD4PUaN488hCpco9QD/9ZxuYJiw4euWtr/oQvLR72z2ixItH8Wd5BCm6FZaeb+YNvOoM1xHtQ=="],

    "@biomejs/cli-linux-x64-musl": ["@biomejs/cli-linux-x64-musl@2.5.8", "", { "os": "linux", "cpu": "x64" }, "sha512-kKmiyokeISRGq2FLwvr+TzsgBusfxaZ0FZNLcOYOpCK/78tRrEjeEBLvq3xLZMpqbANgJdRPI7vZX8ZL37u9/w=="],

    "@biomejs/cli-win32-arm64": ["@biomejs/cli-win32-arm64@2.5.8", "", { "os": "win32", "cpu": "arm64" }, "sha512-nILH0mzm3Hi3iEdd7o7GpB8kBR/mSQwfQG/tyBqyNrY2GFtcgwfV9nV8xLmbtUpMNY/Oi0Ml1XgfR4flOdq+AA=="],

    "@biomejs/cli-win32-x64": ["@biomejs/cli-win32-x64@2.5.8", "", { "os": "win32", "cpu": "x64" }, "sha512-I2czzXTY61f3nFJxXoMDq80t7MivxDEnCjE+8sDKoFfcKMaoQdkqhIFQ3KyY0XLzeSpUBYeNAXgD+iOV/BU0VA=="],

    "@clack/core": ["@clack/core@1.4.3", "", { "dependencies": { "fast-wrap-ansi": "^0.2.0", "sisteransi": "^1.0.5" } }, "sha512-/kr3UWNtdJfxZtPgDqUOmG2pvwlmcLGheex5yiZKdwbzZJxhV+HMNR9QNmyY5cGwTNV6LrR7Jtp+KjhUAP1qBQ=="],

    "@clack/prompts": ["@clack/prompts@1.7.0", "", { "dependencies": { "@clack/core": "1.4.3", "fast-string-width": "^3.0.2", "fast-wrap-ansi": "^0.2.0", "sisteransi": "^1.0.5" } }, "sha512-y7/yvZ2TPAnR9+jnc00klvNNLkJiXFFrQA/hlLCcxA9a2A4zQIOimyFQ9XfwYKiGD1fb5GY8vbKIIgO8d5Tb2A=="],

    "@logtape/file": ["@logtape/file@2.3.1", "", { "peerDependencies": { "@logtape/logtape": "^2.3.1" } }, "sha512-jNGW1Ey0m9eFTmMxk5b8xOnX0XGetnCUJVs57BbXA28oAtQ+EDTp2rto2Jql7jM/RZAiDFp8lgovSKeLJnoj9g=="],

    "@logtape/logtape": ["@logtape/logtape@2.3.1", "", {}, "sha512-nYLsBWMKk0Llp62U6cDbQxNcEKc0E0s5hWbAxkmUM8ax6VchGkPSjPrVp3ixFQUuvUB9ku7MSgPzFhmVTSh2Jw=="],

    "@opalinehq/cli": ["@opalinehq/cli@workspace:apps/cli"],

    "@orpc/client": ["@orpc/client@1.15.0", "", { "dependencies": { "@orpc/shared": "1.15.0", "@orpc/standard-server": "1.15.0", "@orpc/standard-server-fetch": "1.15.0", "@orpc/standard-server-peer": "1.15.0" } }, "sha512-Qt0FdPSGySdQwy83iUWOq+Iqhw2gM9qHtyxfBbcw1mwOz1s4O2BwUFA3ymVTLIRRNYRgPrQLaBZhp8CacqeePg=="],

    "@orpc/contract": ["@orpc/contract@1.15.0", "", { "dependencies": { "@orpc/client": "1.15.0", "@orpc/shared": "1.15.0", "@standard-schema/spec": "^1.1.0", "openapi-types": "^12.1.3" } }, "sha512-zo8+x+5iqnIMrFdcj+ibVgn6dJneWzLNcD3kZQxrJFGFNAFoxvZbwryR5wOdcHkaSCeS3N7Ib2NydU6pihSYmg=="],

    "@orpc/shared": ["@orpc/shared@1.15.0", "", { "dependencies": { "radash": "^12.1.1", "type-fest": "^5.4.4" }, "peerDependencies": { "@opentelemetry/api": ">=1.9.0" }, "optionalPeers": ["@opentelemetry/api"] }, "sha512-A3/JE7pQYSrrRm6/WYJxV3GBhpMdJRPM3h47slQtWBUZe9Sao5En5WBc4tISGQNP2emcez6qIvDziSgD2T+img=="],

    "@orpc/standard-server": ["@orpc/standard-server@1.15.0", "", { "dependencies": { "@orpc/shared": "1.15.0" } }, "sha512-bje/xn6thDqJY/JQ7xoOjmD1KWE4FsyZOPgnPxwqTZLx/r00stRhLuFvk1hDEGj9UlG7NLZEijDVx0wqvcyDzA=="],

    "@orpc/standard-server-fetch": ["@orpc/standard-server-fetch@1.15.0", "", { "dependencies": { "@orpc/shared": "1.15.0", "@orpc/standard-server": "1.15.0" } }, "sha512-XYVfgmIt71YrPJSI7RKRiNWjcyktPYHpevkjeohGNBP5aSMAUL95quZArAWr+XOPp4U56XRao54I6wFMZa4How=="],

    "@orpc/standard-server-peer": ["@orpc/standard-server-peer@1.15.0", "", { "dependencies": { "@orpc/shared": "1.15.0", "@orpc/standard-server": "1.15.0" } }, "sha512-fsTN+FrdPkseVx99yRenGJYSp0xOrEk9fODk8oh3zzricNYzlZ8GGgCYtDNgt9vFIR/J05dc+Nk76KhcPBQpLw=="],

    "@posthog/core": ["@posthog/core@1.48.2", "", { "dependencies": { "@posthog/types": "^1.404.1" } }, "sha512-zZNvsEg+YCezvJKeWdaZ77ngjKJvGnAEo31DIy2guYeDtZ5kNjJ4c6CkwqtmXmwNXjzOFGJyshzv3Fv2gHVJYA=="],

    "@posthog/types": ["@posthog/types@1.404.1", "", {}, "sha512-i2Gei6ARfOSBeTN4s2yUP1p97s2UNI+1NWmtLjhnR/V6t3RFOfI1sBWKcJNWHjtoOCCWoAFU+PNPY6SgT2VtEQ=="],

    "@standard-schema/spec": ["@standard-schema/spec@1.1.0", "", {}, "sha512-l2aFy5jALhniG5HgqrD6jXLi/rUWrKvqN/qJx6yoJsgKhblVd+iqqU4RCXavm/jPityDo5TCvKMnpjKnOriy0w=="],

    "@stricli/core": ["@stricli/core@1.3.0", "", {}, "sha512-LnBe2HntygaLDU5trtjiC3J4C/YkmIZuM0XB52IF4qaLqJH09kgD1fnZiS2gaYUnt0nAN2a+1b4PSOBcfPrN4Q=="],

    "@turbo/darwin-64": ["@turbo/darwin-64@2.10.10", "", { "os": "darwin", "cpu": "x64" }, "sha512-gFDD+wRP5hWxBRghGyEbjpbLOY7aIU/wvsnKdMM7odQcp/wHMrnI83p0FyxxMRZnFH9ZD+S59MvcpOC5b+nrCA=="],

    "@turbo/darwin-arm64": ["@turbo/darwin-arm64@2.10.10", "", { "os": "darwin", "cpu": "arm64" }, "sha512-VZYsxZ6yjyDosUqtiroAVSXPLmx/qBxdHJgIxdMH9RyNmLdOLOWtJnYMnI4qckwCgQMK85G3fu94/xk5+iBCgw=="],

    "@turbo/linux-64": ["@turbo/linux-64@2.10.10", "", { "os": [ "linux", "android", ], "cpu": "x64" }, "sha512-lAvW+yEnmsCKMEIwNugjozawvYytHKPhU0kfLBizu83MIs8OUb9KobYvkZ56L5akSM6K7+gBFLEIfQkaceh90g=="],

    "@turbo/linux-arm64": ["@turbo/linux-arm64@2.10.10", "", { "os": [ "linux", "android", ], "cpu": "arm64" }, "sha512-MSJ+NkRTd79Z9+YEZpUV9VOWVOOigFhE+v/ETNYJEuTJp3r00y9YgFvDXrmM+DP8Kal6tk3U6xSugD2/Ojh+Jg=="],

    "@turbo/windows-64": ["@turbo/windows-64@2.10.10", "", { "os": "win32", "cpu": "x64" }, "sha512-ycWpXDkUfnDFDY9d+4Qna/UZotDB0wj+s9agrlmNt0Q7a3XHORhK8GPKJdzgzeutXu9EW5P/jyabTEHlohuDXw=="],

    "@turbo/windows-arm64": ["@turbo/windows-arm64@2.10.10", "", { "os": "win32", "cpu": "arm64" }, "sha512-PMk6zQN0csUFklLe+1hz/5G9uU1YmV0cEIey2R/bSeA6o69qcBTlN4A3jOqkgenOO5dOpMHmq2sEUZo8r1+Ssg=="],

    "@types/node": ["@types/node@22.20.1", "", { "dependencies": { "undici-types": "~6.21.0" } }, "sha512-EANqOCF9QFyra+4pfxUcX9STKJpCLjMbObVzljIJomAWSnuSIEAvyzEU53GaajbXJEgdh0iEcPL+DGvpUd4k1Q=="],

    "bun-types": ["bun-types@1.3.10", "", { "dependencies": { "@types/node": "*" } }, "sha512-tcpfCCl6XWo6nCVnpcVrxQ+9AYN1iqMIzgrSKYMB/fjLtV2eyAVEg7AxQJuCq/26R6HpKWykQXuSOq/21RYcbg=="],

    "fast-string-truncated-width": ["fast-string-truncated-width@3.0.3", "", {}, "sha512-0jjjIEL6+0jag3l2XWWizO64/aZVtpiGE3t0Zgqxv0DPuxiMjvB3M24fCyhZUO4KomJQPj3LTSUnDP3GpdwC0g=="],

    "fast-string-width": ["fast-string-width@3.0.2", "", { "dependencies": { "fast-string-truncated-width": "^3.0.2" } }, "sha512-gX8LrtNEI5hq8DVUfRQMbr5lpaS4nMIWV+7XEbXk2b8kiQIizgnlr12B4dA3ZEx3308ze0O4Q1R+cHts8kyUJg=="],

    "fast-wrap-ansi": ["fast-wrap-ansi@0.2.2", "", { "dependencies": { "fast-string-width": "^3.0.2" } }, "sha512-7F2Fl+TjRSenLqlU3UjSH0iyqopqoZIu7eZVpEirP2g1GtWa2G/ecEmBdgz31+Mxr+ELclgg6sokpSFIQiZ02Q=="],

    "openapi-types": ["openapi-types@12.1.3", "", {}, "sha512-N4YtSYJqghVu4iek2ZUvcN/0aqH1kRDuNqzcycDxhOUpg7GdvLa2F3DgS6yBNhInhv2r/6I0Flkn7CqL8+nIcw=="],

    "p-map": ["p-map@7.0.6", "", {}, "sha512-I4Prw6ivkd6p8PiYR1tXASOAOBzIJwu0TB7fqaX0c/8c3QAehNYmX57EijyGGGBt3c/BIowGwV03RVBtXvHEVg=="],

    "posthog-node": ["posthog-node@5.46.1", "", { "dependencies": { "@posthog/core": "^1.45.1" }, "peerDependencies": { "rxjs": "^7.0.0" }, "optionalPeers": ["rxjs"] }, "sha512-WjCqExq44pBdyg9MSsH6UAE0tNZ88p4aIuVFicgqhjf2Fbws6IhS4ioYUa4aBrbUPS9EDRXtBTtF5DpP1ml8Pw=="],

    "radash": ["radash@12.1.1", "", {}, "sha512-h36JMxKRqrAxVD8201FrCpyeNuUY9Y5zZwujr20fFO77tpUtGa6EZzfKw/3WaiBX95fq7+MpsuMLNdSnORAwSA=="],

    "rudel": ["rudel@workspace:packages/rudel-alias"],

    "sisteransi": ["sisteransi@1.0.5", "", {}, "sha512-bLGGlR1QxBcynn2d5YmDX4MGjlZvy2MRBDRNHLJ8VI6l6+9FUiyTFNJ0IveOSP0bcXgVDPRcfGqA0pjaqUpfVg=="],

    "smol-toml": ["smol-toml@1.8.0", "", {}, "sha512-kCZr2V3ch9i00x8zXRhjUNVcjG9ijES5dDudkXvUVCT5QlJNQWElSJdZqyPemffHoLNUYwOcou0Fy+ojN0uHSQ=="],

    "tagged-tag": ["tagged-tag@1.0.0", "", {}, "sha512-yEFYrVhod+hdNyx7g5Bnkkb0G6si8HJurOoOEgC8B/O0uXLHlaey/65KRv6cuWBNhBgHKAROVpc7QyYqE5gFng=="],

    "turbo": ["turbo@2.10.10", "", { "optionalDependencies": { "@turbo/darwin-64": "2.10.10", "@turbo/darwin-arm64": "2.10.10", "@turbo/linux-64": "2.10.10", "@turbo/linux-arm64": "2.10.10", "@turbo/windows-64": "2.10.10", "@turbo/windows-arm64": "2.10.10" }, "bin": { "turbo": "bin/turbo" } }, "sha512-/90KTW+USzvYOPmafRZHVKLBsHXQ5810Ao/HdtJYAqguIhZ+XruS6eIUjqJUDtrSxaZYynNFht68qckGKAOWTA=="],

    "type-fest": ["type-fest@5.8.0", "", { "dependencies": { "tagged-tag": "^1.0.0" } }, "sha512-YGYEVz3Fm5iy/AybuA0oyNFq7H4CgQNfRp/qfe8nurE1kuCeNm3/vfm9X4Mtl+qLyaKJUh5xrFZwogr41SMjYA=="],

    "typescript": ["typescript@5.9.2", "", { "bin": { "tsc": "bin/tsc", "tsserver": "bin/tsserver" } }, "sha512-CWBzXQrc/qOkhidw1OzBTQuYRbfyxDXJMVJ1XNwUHGROVmuaeiEm3OslpZ1RV96d7SKKjZKrSJu3+t/xlw3R9A=="],

    "undici-types": ["undici-types@6.21.0", "", {}, "sha512-iwDZqg0QAGrg9Rav5H4n0M64c3mkR59cJ6wQp+7C4nI0gsmExaedaYLNO44eT4AtBBwjbTiGPMlt2Md0T9H9JQ=="],

    "zod": ["zod@3.25.76", "", {}, "sha512-gzUt/qt81nXsFGKIFcC3YnfEAx5NkunCfnDlvuBSSFS02bcXu4Lmea0AFIUwbLWxWPx3d9p8S5QoaujKcNQxcQ=="],

    "@opalinehq/cli/bun-types": ["bun-types@1.3.14", "", { "dependencies": { "@types/node": "*" } }, "sha512-4N0ig0fEomHt5R0KCFWjovxow98rIoRwKolrYdCcknNwMekCXRnWEUvgu5soYV8QXtVsrUD8B95MBOZGPvr6KQ=="],
  }
}
